
Microsoft Visual Studio Solution File, Format Version 12.00
# Visual Studio Version 17
VisualStudioVersion = 17.5.33530.505
MinimumVisualStudioVersion = 10.0.40219.1
Project("{FAE04EC0-301F-11D3-BF4B-00C04F79EFBC}") = "ApiDevExtreme", "ApiDevExtreme\ApiDevExtreme.csproj", "{E91C2E64-9B8E-4704-9191-6ABB020BD35C}"
EndProject
Global
	GlobalSection(SolutionConfigurationPlatforms) = preSolution
		Debug|Any CPU = Debug|Any CPU
		Release|Any CPU = Release|Any CPU
	EndGlobalSection
	GlobalSection(ProjectConfigurationPlatforms) = postSolution
		{E91C2E64-9B8E-4704-9191-6ABB020BD35C}.Debug|Any CPU.ActiveCfg = Debug|Any CPU
		{E91C2E64-9B8E-4704-9191-6ABB020BD35C}.Debug|Any CPU.Build.0 = Debug|Any CPU
		{E91C2E64-9B8E-4704-9191-6ABB020BD35C}.Release|Any CPU.ActiveCfg = Release|Any CPU
		{E91C2E64-9B8E-4704-9191-6ABB020BD35C}.Release|Any CPU.Build.0 = Release|Any CPU
	EndGlobalSection
	GlobalSection(SolutionProperties) = preSolution
		HideSolutionNode = FALSE
	EndGlobalSection
	GlobalSection(ExtensibilityGlobals) = postSolution
		SolutionGuid = {AD66F364-A26C-408F-BD79-B427F525080D}
	EndGlobalSection
EndGlobal
